
Microsoft Visual Studio Solution File, Format Version 12.00
# Visual Studio 15
VisualStudioVersion = 15.0.28010.2016
MinimumVisualStudioVersion = 10.0.40219.1
Project("{FAE04EC0-301F-11D3-BF4B-00C04F79EFBC}") = "Capstone", "Capstone\Capstone.csproj", "{DF6F1889-7A57-4EE8-A869-4BBFE74DAE1B}"
EndProject
Global
	GlobalSection(SolutionConfigurationPlatforms) = preSolution
		Debug|Any CPU = Debug|Any CPU
		Release|Any CPU = Release|Any CPU
	EndGlobalSection
	GlobalSection(ProjectConfigurationPlatforms) = postSolution
		{DF6F1889-7A57-4EE8-A869-4BBFE74DAE1B}.Debug|Any CPU.ActiveCfg = Debug|Any CPU
		{DF6F1889-7A57-4EE8-A869-4BBFE74DAE1B}.Debug|Any CPU.Build.0 = Debug|Any CPU
		{DF6F1889-7A57-4EE8-A869-4BBFE74DAE1B}.Release|Any CPU.ActiveCfg = Release|Any CPU
		{DF6F1889-7A57-4EE8-A869-4BBFE74DAE1B}.Release|Any CPU.Build.0 = Release|Any CPU
	EndGlobalSection
	GlobalSection(SolutionProperties) = preSolution
		HideSolutionNode = FALSE
	EndGlobalSection
	GlobalSection(ExtensibilityGlobals) = postSolution
		SolutionGuid = {CD50909D-41D5-42F3-A2C7-748BFBAD9D7D}
	EndGlobalSection
EndGlobal
